
Microsoft Visual Studio Solution File, Format Version 12.00
# Visual Studio Version 16
VisualStudioVersion = 16.0.30907.101
MinimumVisualStudioVersion = 10.0.40219.1
Project("{FAE04EC0-301F-11D3-BF4B-00C04F79EFBC}") = "PersonalWebsite", "PersonalWebsite\PersonalWebsite.csproj", "{5AC5DE9C-23D4-4B93-9972-6681E14AE378}"
EndProject
Global
	GlobalSection(SolutionConfigurationPlatforms) = preSolution
		Debug|Any CPU = Debug|Any CPU
		Release|Any CPU = Release|Any CPU
	EndGlobalSection
	GlobalSection(ProjectConfigurationPlatforms) = postSolution
		{5AC5DE9C-23D4-4B93-9972-6681E14AE378}.Debug|Any CPU.ActiveCfg = Debug|Any CPU
		{5AC5DE9C-23D4-4B93-9972-6681E14AE378}.Debug|Any CPU.Build.0 = Debug|Any CPU
		{5AC5DE9C-23D4-4B93-9972-6681E14AE378}.Release|Any CPU.ActiveCfg = Release|Any CPU
		{5AC5DE9C-23D4-4B93-9972-6681E14AE378}.Release|Any CPU.Build.0 = Release|Any CPU
	EndGlobalSection
	GlobalSection(SolutionProperties) = preSolution
		HideSolutionNode = FALSE
	EndGlobalSection
	GlobalSection(ExtensibilityGlobals) = postSolution
		SolutionGuid = {4FE0B3EA-B69B-4A0B-A4D7-B81A82C6AE83}
	EndGlobalSection
EndGlobal
